// !$*UTF8*$!
{
	archiveVersion = 1;
	classes = {
	};
	objectVersion = 55;
	objects = {

/* Begin PBXBuildFile section */
		5EBC3F5E27EB5E2A003F9CB9 /* AppDelegate.swift in Sources */ = {isa = PBXBuildFile; fileRef = 5EBC3F5D27EB5E2A003F9CB9 /* AppDelegate.swift */; };
		5EBC3F6027EB5E2A003F9CB9 /* SceneDelegate.swift in Sources */ = {isa = PBXBuildFile; fileRef = 5EBC3F5F27EB5E2A003F9CB9 /* SceneDelegate.swift */; };
		5EBC3F6527EB5E2A003F9CB9 /* Main.storyboard in Resources */ = {isa = PBXBuildFile; fileRef = 5EBC3F6327EB5E2A003F9CB9 /* Main.storyboard */; };
		5EBC3F6727EB5E2B003F9CB9 /* Assets.xcassets in Resources */ = {isa = PBXBuildFile; fileRef = 5EBC3F6627EB5E2B003F9CB9 /* Assets.xcassets */; };
		5EBC3F6A27EB5E2B003F9CB9 /* LaunchScreen.storyboard in Resources */ = {isa = PBXBuildFile; fileRef = 5EBC3F6827EB5E2B003F9CB9 /* LaunchScreen.storyboard */; };
		5EBC3F7527EB5E2B003F9CB9 /* HedgehogLabDemoTests.swift in Sources */ = {isa = PBXBuildFile; fileRef = 5EBC3F7427EB5E2B003F9CB9 /* HedgehogLabDemoTests.swift */; };
		5EBC3F7F27EB5E2B003F9CB9 /* HedgehogLabDemoUITests.swift in Sources */ = {isa = PBXBuildFile; fileRef = 5EBC3F7E27EB5E2B003F9CB9 /* HedgehogLabDemoUITests.swift */; };
		5EBC3F8127EB5E2B003F9CB9 /* HedgehogLabDemoUITestsLaunchTests.swift in Sources */ = {isa = PBXBuildFile; fileRef = 5EBC3F8027EB5E2B003F9CB9 /* HedgehogLabDemoUITestsLaunchTests.swift */; };
		5ED0624027EBAECE00FACD0B /* SearchTabRoute.swift in Sources */ = {isa = PBXBuildFile; fileRef = 5ED0623F27EBAECE00FACD0B /* SearchTabRoute.swift */; };
		5ED0624327EBAF5200FACD0B /* SearchViewController.swift in Sources */ = {isa = PBXBuildFile; fileRef = 5ED0624227EBAF5100FACD0B /* SearchViewController.swift */; };
		5ED0624527EBAF5D00FACD0B /* SearchViewModel.swift in Sources */ = {isa = PBXBuildFile; fileRef = 5ED0624427EBAF5D00FACD0B /* SearchViewModel.swift */; };
		5ED0624A27EBB33B00FACD0B /* UIResponderHelperTests.swift in Sources */ = {isa = PBXBuildFile; fileRef = 5ED0624927EBB33B00FACD0B /* UIResponderHelperTests.swift */; };
		5ED0624E27EBB43D00FACD0B /* TestViewController.swift in Sources */ = {isa = PBXBuildFile; fileRef = 5ED0624D27EBB43D00FACD0B /* TestViewController.swift */; };
		5ED0625227EBB92F00FACD0B /* MainTabBarController.swift in Sources */ = {isa = PBXBuildFile; fileRef = 5ED0625027EBB70700FACD0B /* MainTabBarController.swift */; };
		5ED0625527EBB99D00FACD0B /* String+Helper.swift in Sources */ = {isa = PBXBuildFile; fileRef = 5ED0625327EBB97B00FACD0B /* String+Helper.swift */; };
		5ED0625827EBBB7400FACD0B /* Tabs.swift in Sources */ = {isa = PBXBuildFile; fileRef = 5ED0625627EBBAB500FACD0B /* Tabs.swift */; };
		5ED0626027EBC1FD00FACD0B /* ModalTransition.swift in Sources */ = {isa = PBXBuildFile; fileRef = 5EBC3F9C27EB78EB003F9CB9 /* ModalTransition.swift */; };
		5ED0626127EBC1FD00FACD0B /* MainRouter.swift in Sources */ = {isa = PBXBuildFile; fileRef = 5EBC3FA127EBAAA7003F9CB9 /* MainRouter.swift */; };
		5ED0626227EBC1FD00FACD0B /* Routing.swift in Sources */ = {isa = PBXBuildFile; fileRef = 5EBC3F8F27EB60CA003F9CB9 /* Routing.swift */; };
		5ED0626327EBC1FD00FACD0B /* PushTransition.swift in Sources */ = {isa = PBXBuildFile; fileRef = 5EBC3F9A27EB776D003F9CB9 /* PushTransition.swift */; };
		5ED0626427EBC1FD00FACD0B /* Transition.swift in Sources */ = {isa = PBXBuildFile; fileRef = 5EBC3F9827EB763C003F9CB9 /* Transition.swift */; };
		5ED0626527EBC1FD00FACD0B /* EmptyTransition.swift in Sources */ = {isa = PBXBuildFile; fileRef = 5EBC3F9E27EB7964003F9CB9 /* EmptyTransition.swift */; };
		5ED0626727EBCBCA00FACD0B /* UIResponder+Helpers.swift in Sources */ = {isa = PBXBuildFile; fileRef = 5ED0624727EBB1C100FACD0B /* UIResponder+Helpers.swift */; };
		5ED0626A27EBCEE900FACD0B /* FavoriteTabRoute.swift in Sources */ = {isa = PBXBuildFile; fileRef = 5ED0626827EBCEBC00FACD0B /* FavoriteTabRoute.swift */; };
		5ED0626F27EBCF6C00FACD0B /* FavoritesViewModel.swift in Sources */ = {isa = PBXBuildFile; fileRef = 5ED0626E27EBCF6C00FACD0B /* FavoritesViewModel.swift */; };
		5ED0627027EBCF8500FACD0B /* FavoritesViewController.swift in Sources */ = {isa = PBXBuildFile; fileRef = 5ED0626C27EBCF4500FACD0B /* FavoritesViewController.swift */; };
		5ED0627627EBDC1400FACD0B /* ModalTransitionTests.swift in Sources */ = {isa = PBXBuildFile; fileRef = 5ED0627527EBDC1400FACD0B /* ModalTransitionTests.swift */; };
		5ED8389427ECD31800F40809 /* SearchViewControllerTests.swift in Sources */ = {isa = PBXBuildFile; fileRef = 5ED8389327ECD31800F40809 /* SearchViewControllerTests.swift */; };
		5ED8389727ECD77100F40809 /* SearchViewModelMock.swift in Sources */ = {isa = PBXBuildFile; fileRef = 5ED8389627ECD77100F40809 /* SearchViewModelMock.swift */; };
		5ED8389D27ECDDF500F40809 /* CombineSchedulers in Frameworks */ = {isa = PBXBuildFile; productRef = 5ED8389C27ECDDF500F40809 /* CombineSchedulers */; };
		5EF2AA3427EC92CB00CC83A5 /* PhotoCollectionViewCell.swift in Sources */ = {isa = PBXBuildFile; fileRef = 5EF2AA3327EC92CB00CC83A5 /* PhotoCollectionViewCell.swift */; };
		5EF2AA3C27EC9F0A00CC83A5 /* DummyPhotoRepository.swift in Sources */ = {isa = PBXBuildFile; fileRef = 5EF2AA3B27EC9F0A00CC83A5 /* DummyPhotoRepository.swift */; };
		5EF2AA3E27ECA0ED00CC83A5 /* DummyMedia.xcassets in Resources */ = {isa = PBXBuildFile; fileRef = 5EF2AA3D27ECA0ED00CC83A5 /* DummyMedia.xcassets */; };
/* End PBXBuildFile section */

/* Begin PBXContainerItemProxy section */
		5EBC3F7127EB5E2B003F9CB9 /* PBXContainerItemProxy */ = {
			isa = PBXContainerItemProxy;
			containerPortal = 5EBC3F5227EB5E2A003F9CB9 /* Project object */;
			proxyType = 1;
			remoteGlobalIDString = 5EBC3F5927EB5E2A003F9CB9;
			remoteInfo = HedgehogLabDemo;
		};
		5EBC3F7B27EB5E2B003F9CB9 /* PBXContainerItemProxy */ = {
			isa = PBXContainerItemProxy;
			containerPortal = 5EBC3F5227EB5E2A003F9CB9 /* Project object */;
			proxyType = 1;
			remoteGlobalIDString = 5EBC3F5927EB5E2A003F9CB9;
			remoteInfo = HedgehogLabDemo;
		};
/* End PBXContainerItemProxy section */

/* Begin PBXFileReference section */
		5EBC3F5A27EB5E2A003F9CB9 /* HedgehogLabDemo.app */ = {isa = PBXFileReference; explicitFileType = wrapper.application; includeInIndex = 0; path = HedgehogLabDemo.app; sourceTree = BUILT_PRODUCTS_DIR; };
		5EBC3F5D27EB5E2A003F9CB9 /* AppDelegate.swift */ = {isa = PBXFileReference; lastKnownFileType = sourcecode.swift; path = AppDelegate.swift; sourceTree = "<group>"; };
		5EBC3F5F27EB5E2A003F9CB9 /* SceneDelegate.swift */ = {isa = PBXFileReference; lastKnownFileType = sourcecode.swift; path = SceneDelegate.swift; sourceTree = "<group>"; };
		5EBC3F6427EB5E2A003F9CB9 /* Base */ = {isa = PBXFileReference; lastKnownFileType = file.storyboard; name = Base; path = Base.lproj/Main.storyboard; sourceTree = "<group>"; };
		5EBC3F6627EB5E2B003F9CB9 /* Assets.xcassets */ = {isa = PBXFileReference; lastKnownFileType = folder.assetcatalog; path = Assets.xcassets; sourceTree = "<group>"; };
		5EBC3F6927EB5E2B003F9CB9 /* Base */ = {isa = PBXFileReference; lastKnownFileType = file.storyboard; name = Base; path = Base.lproj/LaunchScreen.storyboard; sourceTree = "<group>"; };
		5EBC3F6B27EB5E2B003F9CB9 /* Info.plist */ = {isa = PBXFileReference; lastKnownFileType = text.plist.xml; path = Info.plist; sourceTree = "<group>"; };
		5EBC3F7027EB5E2B003F9CB9 /* HedgehogLabDemoTests.xctest */ = {isa = PBXFileReference; explicitFileType = wrapper.cfbundle; includeInIndex = 0; path = HedgehogLabDemoTests.xctest; sourceTree = BUILT_PRODUCTS_DIR; };
		5EBC3F7427EB5E2B003F9CB9 /* HedgehogLabDemoTests.swift */ = {isa = PBXFileReference; lastKnownFileType = sourcecode.swift; path = HedgehogLabDemoTests.swift; sourceTree = "<group>"; };
		5EBC3F7A27EB5E2B003F9CB9 /* HedgehogLabDemoUITests.xctest */ = {isa = PBXFileReference; explicitFileType = wrapper.cfbundle; includeInIndex = 0; path = HedgehogLabDemoUITests.xctest; sourceTree = BUILT_PRODUCTS_DIR; };
		5EBC3F7E27EB5E2B003F9CB9 /* HedgehogLabDemoUITests.swift */ = {isa = PBXFileReference; lastKnownFileType = sourcecode.swift; path = HedgehogLabDemoUITests.swift; sourceTree = "<group>"; };
		5EBC3F8027EB5E2B003F9CB9 /* HedgehogLabDemoUITestsLaunchTests.swift */ = {isa = PBXFileReference; lastKnownFileType = sourcecode.swift; path = HedgehogLabDemoUITestsLaunchTests.swift; sourceTree = "<group>"; };
		5EBC3F8F27EB60CA003F9CB9 /* Routing.swift */ = {isa = PBXFileReference; lastKnownFileType = sourcecode.swift; path = Routing.swift; sourceTree = "<group>"; };
		5EBC3F9827EB763C003F9CB9 /* Transition.swift */ = {isa = PBXFileReference; lastKnownFileType = sourcecode.swift; path = Transition.swift; sourceTree = "<group>"; };
		5EBC3F9A27EB776D003F9CB9 /* PushTransition.swift */ = {isa = PBXFileReference; lastKnownFileType = sourcecode.swift; path = PushTransition.swift; sourceTree = "<group>"; };
		5EBC3F9C27EB78EB003F9CB9 /* ModalTransition.swift */ = {isa = PBXFileReference; lastKnownFileType = sourcecode.swift; path = ModalTransition.swift; sourceTree = "<group>"; };
		5EBC3F9E27EB7964003F9CB9 /* EmptyTransition.swift */ = {isa = PBXFileReference; lastKnownFileType = sourcecode.swift; path = EmptyTransition.swift; sourceTree = "<group>"; };
		5EBC3FA127EBAAA7003F9CB9 /* MainRouter.swift */ = {isa = PBXFileReference; lastKnownFileType = sourcecode.swift; path = MainRouter.swift; sourceTree = "<group>"; };
		5ED0623F27EBAECE00FACD0B /* SearchTabRoute.swift */ = {isa = PBXFileReference; lastKnownFileType = sourcecode.swift; path = SearchTabRoute.swift; sourceTree = "<group>"; };
		5ED0624227EBAF5100FACD0B /* SearchViewController.swift */ = {isa = PBXFileReference; lastKnownFileType = sourcecode.swift; path = SearchViewController.swift; sourceTree = "<group>"; };
		5ED0624427EBAF5D00FACD0B /* SearchViewModel.swift */ = {isa = PBXFileReference; lastKnownFileType = sourcecode.swift; path = SearchViewModel.swift; sourceTree = "<group>"; };
		5ED0624727EBB1C100FACD0B /* UIResponder+Helpers.swift */ = {isa = PBXFileReference; lastKnownFileType = sourcecode.swift; path = "UIResponder+Helpers.swift"; sourceTree = "<group>"; };
		5ED0624927EBB33B00FACD0B /* UIResponderHelperTests.swift */ = {isa = PBXFileReference; lastKnownFileType = sourcecode.swift; path = UIResponderHelperTests.swift; sourceTree = "<group>"; };
		5ED0624D27EBB43D00FACD0B /* TestViewController.swift */ = {isa = PBXFileReference; lastKnownFileType = sourcecode.swift; path = TestViewController.swift; sourceTree = "<group>"; };
		5ED0625027EBB70700FACD0B /* MainTabBarController.swift */ = {isa = PBXFileReference; lastKnownFileType = sourcecode.swift; path = MainTabBarController.swift; sourceTree = "<group>"; };
		5ED0625327EBB97B00FACD0B /* String+Helper.swift */ = {isa = PBXFileReference; lastKnownFileType = sourcecode.swift; path = "String+Helper.swift"; sourceTree = "<group>"; };
		5ED0625627EBBAB500FACD0B /* Tabs.swift */ = {isa = PBXFileReference; lastKnownFileType = sourcecode.swift; path = Tabs.swift; sourceTree = "<group>"; };
		5ED0626827EBCEBC00FACD0B /* FavoriteTabRoute.swift */ = {isa = PBXFileReference; lastKnownFileType = sourcecode.swift; path = FavoriteTabRoute.swift; sourceTree = "<group>"; };
		5ED0626C27EBCF4500FACD0B /* FavoritesViewController.swift */ = {isa = PBXFileReference; lastKnownFileType = sourcecode.swift; path = FavoritesViewController.swift; sourceTree = "<group>"; };
		5ED0626E27EBCF6C00FACD0B /* FavoritesViewModel.swift */ = {isa = PBXFileReference; lastKnownFileType = sourcecode.swift; path = FavoritesViewModel.swift; sourceTree = "<group>"; };
		5ED0627527EBDC1400FACD0B /* ModalTransitionTests.swift */ = {isa = PBXFileReference; lastKnownFileType = sourcecode.swift; path = ModalTransitionTests.swift; sourceTree = "<group>"; };
		5ED8389327ECD31800F40809 /* SearchViewControllerTests.swift */ = {isa = PBXFileReference; lastKnownFileType = sourcecode.swift; path = SearchViewControllerTests.swift; sourceTree = "<group>"; };
		5ED8389627ECD77100F40809 /* SearchViewModelMock.swift */ = {isa = PBXFileReference; lastKnownFileType = sourcecode.swift; path = SearchViewModelMock.swift; sourceTree = "<group>"; };
		5EF2AA3327EC92CB00CC83A5 /* PhotoCollectionViewCell.swift */ = {isa = PBXFileReference; lastKnownFileType = sourcecode.swift; path = PhotoCollectionViewCell.swift; sourceTree = "<group>"; };
		5EF2AA3B27EC9F0A00CC83A5 /* DummyPhotoRepository.swift */ = {isa = PBXFileReference; lastKnownFileType = sourcecode.swift; path = DummyPhotoRepository.swift; sourceTree = "<group>"; };
		5EF2AA3D27ECA0ED00CC83A5 /* DummyMedia.xcassets */ = {isa = PBXFileReference; lastKnownFileType = folder.assetcatalog; path = DummyMedia.xcassets; sourceTree = "<group>"; };
/* End PBXFileReference section */

/* Begin PBXFrameworksBuildPhase section */
		5EBC3F5727EB5E2A003F9CB9 /* Frameworks */ = {
			isa = PBXFrameworksBuildPhase;
			buildActionMask = 2147483647;
			files = (
				5ED8389D27ECDDF500F40809 /* CombineSchedulers in Frameworks */,
			);
			runOnlyForDeploymentPostprocessing = 0;
		};
		5EBC3F6D27EB5E2B003F9CB9 /* Frameworks */ = {
			isa = PBXFrameworksBuildPhase;
			buildActionMask = 2147483647;
			files = (
			);
			runOnlyForDeploymentPostprocessing = 0;
		};
		5EBC3F7727EB5E2B003F9CB9 /* Frameworks */ = {
			isa = PBXFrameworksBuildPhase;
			buildActionMask = 2147483647;
			files = (
			);
			runOnlyForDeploymentPostprocessing = 0;
		};
/* End PBXFrameworksBuildPhase section */

/* Begin PBXGroup section */
		5EBC3F5127EB5E2A003F9CB9 = {
			isa = PBXGroup;
			children = (
				5EBC3F5C27EB5E2A003F9CB9 /* Composition Root */,
				5EBC3F8D27EB602F003F9CB9 /* User Interface */,
				5EBC3F7327EB5E2B003F9CB9 /* HedgehogLabDemoTests */,
				5EBC3F7D27EB5E2B003F9CB9 /* HedgehogLabDemoUITests */,
				5EBC3F5B27EB5E2A003F9CB9 /* Products */,
			);
			sourceTree = "<group>";
		};
		5EBC3F5B27EB5E2A003F9CB9 /* Products */ = {
			isa = PBXGroup;
			children = (
				5EBC3F5A27EB5E2A003F9CB9 /* HedgehogLabDemo.app */,
				5EBC3F7027EB5E2B003F9CB9 /* HedgehogLabDemoTests.xctest */,
				5EBC3F7A27EB5E2B003F9CB9 /* HedgehogLabDemoUITests.xctest */,
			);
			name = Products;
			sourceTree = "<group>";
		};
		5EBC3F5C27EB5E2A003F9CB9 /* Composition Root */ = {
			isa = PBXGroup;
			children = (
				5EBC3F5D27EB5E2A003F9CB9 /* AppDelegate.swift */,
				5EBC3F5F27EB5E2A003F9CB9 /* SceneDelegate.swift */,
				5EBC3F6B27EB5E2B003F9CB9 /* Info.plist */,
			);
			path = "Composition Root";
			sourceTree = "<group>";
		};
		5EBC3F7327EB5E2B003F9CB9 /* HedgehogLabDemoTests */ = {
			isa = PBXGroup;
			children = (
				5EBC3F7427EB5E2B003F9CB9 /* HedgehogLabDemoTests.swift */,
				5ED0627127EBDBC500FACD0B /* User Interface */,
			);
			path = HedgehogLabDemoTests;
			sourceTree = "<group>";
		};
		5EBC3F7D27EB5E2B003F9CB9 /* HedgehogLabDemoUITests */ = {
			isa = PBXGroup;
			children = (
				5EBC3F7E27EB5E2B003F9CB9 /* HedgehogLabDemoUITests.swift */,
				5EBC3F8027EB5E2B003F9CB9 /* HedgehogLabDemoUITestsLaunchTests.swift */,
			);
			path = HedgehogLabDemoUITests;
			sourceTree = "<group>";
		};
		5EBC3F8D27EB602F003F9CB9 /* User Interface */ = {
			isa = PBXGroup;
			children = (
				5EBC3F6327EB5E2A003F9CB9 /* Main.storyboard */,
				5EBC3F6827EB5E2B003F9CB9 /* LaunchScreen.storyboard */,
				5EBC3F6627EB5E2B003F9CB9 /* Assets.xcassets */,
				5ED0624F27EBB6C900FACD0B /* MainTabBar */,
				5ED0624127EBAF2500FACD0B /* Screens */,
				5EBC3F8E27EB609A003F9CB9 /* Routing */,
				5ED0625927EBBD3400FACD0B /* Helpers */,
			);
			path = "User Interface";
			sourceTree = "<group>";
		};
		5EBC3F8E27EB609A003F9CB9 /* Routing */ = {
			isa = PBXGroup;
			children = (
				5EBC3F8F27EB60CA003F9CB9 /* Routing.swift */,
				5EBC3FA027EBAA36003F9CB9 /* Routers */,
				5EBC3F9727EB762D003F9CB9 /* Transitions */,
			);
			path = Routing;
			sourceTree = "<group>";
		};
		5EBC3F9727EB762D003F9CB9 /* Transitions */ = {
			isa = PBXGroup;
			children = (
				5EBC3F9827EB763C003F9CB9 /* Transition.swift */,
				5EBC3F9A27EB776D003F9CB9 /* PushTransition.swift */,
				5EBC3F9C27EB78EB003F9CB9 /* ModalTransition.swift */,
				5EBC3F9E27EB7964003F9CB9 /* EmptyTransition.swift */,
			);
			path = Transitions;
			sourceTree = "<group>";
		};
		5EBC3FA027EBAA36003F9CB9 /* Routers */ = {
			isa = PBXGroup;
			children = (
				5EBC3FA127EBAAA7003F9CB9 /* MainRouter.swift */,
			);
			path = Routers;
			sourceTree = "<group>";
		};
		5ED0624127EBAF2500FACD0B /* Screens */ = {
			isa = PBXGroup;
			children = (
				5ED0626B27EBCF0D00FACD0B /* Favorites */,
				5ED0624627EBAF6A00FACD0B /* Search */,
			);
			path = Screens;
			sourceTree = "<group>";
		};
		5ED0624627EBAF6A00FACD0B /* Search */ = {
			isa = PBXGroup;
			children = (
				5EF2AA3A27EC9ECB00CC83A5 /* Dummy Dependancies */,
				5ED0623F27EBAECE00FACD0B /* SearchTabRoute.swift */,
				5ED0624227EBAF5100FACD0B /* SearchViewController.swift */,
				5ED0624427EBAF5D00FACD0B /* SearchViewModel.swift */,
				5EF2AA3227EC927500CC83A5 /* Cells */,
			);
			path = Search;
			sourceTree = "<group>";
		};
		5ED0624B27EBB41600FACD0B /* UIResponderHelperTests */ = {
			isa = PBXGroup;
			children = (
				5ED0624927EBB33B00FACD0B /* UIResponderHelperTests.swift */,
				5ED0624C27EBB41F00FACD0B /* TestDoubles */,
			);
			path = UIResponderHelperTests;
			sourceTree = "<group>";
		};
		5ED0624C27EBB41F00FACD0B /* TestDoubles */ = {
			isa = PBXGroup;
			children = (
				5ED0624D27EBB43D00FACD0B /* TestViewController.swift */,
			);
			path = TestDoubles;
			sourceTree = "<group>";
		};
		5ED0624F27EBB6C900FACD0B /* MainTabBar */ = {
			isa = PBXGroup;
			children = (
				5ED0625027EBB70700FACD0B /* MainTabBarController.swift */,
				5ED0625627EBBAB500FACD0B /* Tabs.swift */,
			);
			path = MainTabBar;
			sourceTree = "<group>";
		};
		5ED0625927EBBD3400FACD0B /* Helpers */ = {
			isa = PBXGroup;
			children = (
				5ED0624727EBB1C100FACD0B /* UIResponder+Helpers.swift */,
				5ED0625327EBB97B00FACD0B /* String+Helper.swift */,
			);
			path = Helpers;
			sourceTree = "<group>";
		};
		5ED0626B27EBCF0D00FACD0B /* Favorites */ = {
			isa = PBXGroup;
			children = (
				5ED0626827EBCEBC00FACD0B /* FavoriteTabRoute.swift */,
				5ED0626C27EBCF4500FACD0B /* FavoritesViewController.swift */,
				5ED0626E27EBCF6C00FACD0B /* FavoritesViewModel.swift */,
			);
			path = Favorites;
			sourceTree = "<group>";
		};
		5ED0627127EBDBC500FACD0B /* User Interface */ = {
			isa = PBXGroup;
			children = (
				5ED8389127ECD2E800F40809 /* Screens */,
				5ED0627327EBDBEA00FACD0B /* Routing */,
				5ED0627227EBDBD800FACD0B /* Helpers */,
			);
			path = "User Interface";
			sourceTree = "<group>";
		};
		5ED0627227EBDBD800FACD0B /* Helpers */ = {
			isa = PBXGroup;
			children = (
				5ED0624B27EBB41600FACD0B /* UIResponderHelperTests */,
			);
			path = Helpers;
			sourceTree = "<group>";
		};
		5ED0627327EBDBEA00FACD0B /* Routing */ = {
			isa = PBXGroup;
			children = (
				5ED0627427EBDBF700FACD0B /* Transitions */,
			);
			path = Routing;
			sourceTree = "<group>";
		};
		5ED0627427EBDBF700FACD0B /* Transitions */ = {
			isa = PBXGroup;
			children = (
				5ED0627527EBDC1400FACD0B /* ModalTransitionTests.swift */,
			);
			path = Transitions;
			sourceTree = "<group>";
		};
		5ED8389127ECD2E800F40809 /* Screens */ = {
			isa = PBXGroup;
			children = (
				5ED8389227ECD2F100F40809 /* Search */,
			);
			path = Screens;
			sourceTree = "<group>";
		};
		5ED8389227ECD2F100F40809 /* Search */ = {
			isa = PBXGroup;
			children = (
				5ED8389327ECD31800F40809 /* SearchViewControllerTests.swift */,
				5ED8389527ECD74900F40809 /* Test Doubles */,
			);
			path = Search;
			sourceTree = "<group>";
		};
		5ED8389527ECD74900F40809 /* Test Doubles */ = {
			isa = PBXGroup;
			children = (
				5ED8389627ECD77100F40809 /* SearchViewModelMock.swift */,
			);
			path = "Test Doubles";
			sourceTree = "<group>";
		};
		5EF2AA3227EC927500CC83A5 /* Cells */ = {
			isa = PBXGroup;
			children = (
				5EF2AA3327EC92CB00CC83A5 /* PhotoCollectionViewCell.swift */,
			);
			path = Cells;
			sourceTree = "<group>";
		};
		5EF2AA3A27EC9ECB00CC83A5 /* Dummy Dependancies */ = {
			isa = PBXGroup;
			children = (
				5EF2AA3B27EC9F0A00CC83A5 /* DummyPhotoRepository.swift */,
				5EF2AA3D27ECA0ED00CC83A5 /* DummyMedia.xcassets */,
			);
			path = "Dummy Dependancies";
			sourceTree = "<group>";
		};
/* End PBXGroup section */

/* Begin PBXNativeTarget section */
		5EBC3F5927EB5E2A003F9CB9 /* HedgehogLabDemo */ = {
			isa = PBXNativeTarget;
			buildConfigurationList = 5EBC3F8427EB5E2B003F9CB9 /* Build configuration list for PBXNativeTarget "HedgehogLabDemo" */;
			buildPhases = (
				5EBC3F5627EB5E2A003F9CB9 /* Sources */,
				5EBC3F5727EB5E2A003F9CB9 /* Frameworks */,
				5EBC3F5827EB5E2A003F9CB9 /* Resources */,
			);
			buildRules = (
			);
			dependencies = (
			);
			name = HedgehogLabDemo;
			packageProductDependencies = (
				5ED8389C27ECDDF500F40809 /* CombineSchedulers */,
			);
			productName = HedgehogLabDemo;
			productReference = 5EBC3F5A27EB5E2A003F9CB9 /* HedgehogLabDemo.app */;
			productType = "com.apple.product-type.application";
		};
		5EBC3F6F27EB5E2B003F9CB9 /* HedgehogLabDemoTests */ = {
			isa = PBXNativeTarget;
			buildConfigurationList = 5EBC3F8727EB5E2B003F9CB9 /* Build configuration list for PBXNativeTarget "HedgehogLabDemoTests" */;
			buildPhases = (
				5EBC3F6C27EB5E2B003F9CB9 /* Sources */,
				5EBC3F6D27EB5E2B003F9CB9 /* Frameworks */,
				5EBC3F6E27EB5E2B003F9CB9 /* Resources */,
			);
			buildRules = (
			);
			dependencies = (
				5EBC3F7227EB5E2B003F9CB9 /* PBXTargetDependency */,
			);
			name = HedgehogLabDemoTests;
			productName = HedgehogLabDemoTests;
			productReference = 5EBC3F7027EB5E2B003F9CB9 /* HedgehogLabDemoTests.xctest */;
			productType = "com.apple.product-type.bundle.unit-test";
		};
		5EBC3F7927EB5E2B003F9CB9 /* HedgehogLabDemoUITests */ = {
			isa = PBXNativeTarget;
			buildConfigurationList = 5EBC3F8A27EB5E2B003F9CB9 /* Build configuration list for PBXNativeTarget "HedgehogLabDemoUITests" */;
			buildPhases = (
				5EBC3F7627EB5E2B003F9CB9 /* Sources */,
				5EBC3F7727EB5E2B003F9CB9 /* Frameworks */,
				5EBC3F7827EB5E2B003F9CB9 /* Resources */,
			);
			buildRules = (
			);
			dependencies = (
				5EBC3F7C27EB5E2B003F9CB9 /* PBXTargetDependency */,
			);
			name = HedgehogLabDemoUITests;
			productName = HedgehogLabDemoUITests;
			productReference = 5EBC3F7A27EB5E2B003F9CB9 /* HedgehogLabDemoUITests.xctest */;
			productType = "com.apple.product-type.bundle.ui-testing";
		};
/* End PBXNativeTarget section */

/* Begin PBXProject section */
		5EBC3F5227EB5E2A003F9CB9 /* Project object */ = {
			isa = PBXProject;
			attributes = {
				BuildIndependentTargetsInParallel = 1;
				LastSwiftUpdateCheck = 1330;
				LastUpgradeCheck = 1330;
				TargetAttributes = {
					5EBC3F5927EB5E2A003F9CB9 = {
						CreatedOnToolsVersion = 13.3;
					};
					5EBC3F6F27EB5E2B003F9CB9 = {
						CreatedOnToolsVersion = 13.3;
						TestTargetID = 5EBC3F5927EB5E2A003F9CB9;
					};
					5EBC3F7927EB5E2B003F9CB9 = {
						CreatedOnToolsVersion = 13.3;
						TestTargetID = 5EBC3F5927EB5E2A003F9CB9;
					};
				};
			};
			buildConfigurationList = 5EBC3F5527EB5E2A003F9CB9 /* Build configuration list for PBXProject "HedgehogLabDemo" */;
			compatibilityVersion = "Xcode 13.0";
			developmentRegion = en;
			hasScannedForEncodings = 0;
			knownRegions = (
				en,
				Base,
			);
			mainGroup = 5EBC3F5127EB5E2A003F9CB9;
			packageReferences = (
				5ED8389B27ECDDF500F40809 /* XCRemoteSwiftPackageReference "combine-schedulers" */,
			);
			productRefGroup = 5EBC3F5B27EB5E2A003F9CB9 /* Products */;
			projectDirPath = "";
			projectRoot = "";
			targets = (
				5EBC3F5927EB5E2A003F9CB9 /* HedgehogLabDemo */,
				5EBC3F6F27EB5E2B003F9CB9 /* HedgehogLabDemoTests */,
				5EBC3F7927EB5E2B003F9CB9 /* HedgehogLabDemoUITests */,
			);
		};
/* End PBXProject section */

/* Begin PBXResourcesBuildPhase section */
		5EBC3F5827EB5E2A003F9CB9 /* Resources */ = {
			isa = PBXResourcesBuildPhase;
			buildActionMask = 2147483647;
			files = (
				5EBC3F6A27EB5E2B003F9CB9 /* LaunchScreen.storyboard in Resources */,
				5EBC3F6727EB5E2B003F9CB9 /* Assets.xcassets in Resources */,
				5EBC3F6527EB5E2A003F9CB9 /* Main.storyboard in Resources */,
				5EF2AA3E27ECA0ED00CC83A5 /* DummyMedia.xcassets in Resources */,
			);
			runOnlyForDeploymentPostprocessing = 0;
		};
		5EBC3F6E27EB5E2B003F9CB9 /* Resources */ = {
			isa = PBXResourcesBuildPhase;
			buildActionMask = 2147483647;
			files = (
			);
			runOnlyForDeploymentPostprocessing = 0;
		};
		5EBC3F7827EB5E2B003F9CB9 /* Resources */ = {
			isa = PBXResourcesBuildPhase;
			buildActionMask = 2147483647;
			files = (
			);
			runOnlyForDeploymentPostprocessing = 0;
		};
/* End PBXResourcesBuildPhase section */

/* Begin PBXSourcesBuildPhase section */
		5EBC3F5627EB5E2A003F9CB9 /* Sources */ = {
			isa = PBXSourcesBuildPhase;
			buildActionMask = 2147483647;
			files = (
				5ED0626427EBC1FD00FACD0B /* Transition.swift in Sources */,
				5ED0624327EBAF5200FACD0B /* SearchViewController.swift in Sources */,
				5ED0626527EBC1FD00FACD0B /* EmptyTransition.swift in Sources */,
				5ED0625527EBB99D00FACD0B /* String+Helper.swift in Sources */,
				5EBC3F5E27EB5E2A003F9CB9 /* AppDelegate.swift in Sources */,
				5ED0624527EBAF5D00FACD0B /* SearchViewModel.swift in Sources */,
				5ED0626727EBCBCA00FACD0B /* UIResponder+Helpers.swift in Sources */,
				5EF2AA3C27EC9F0A00CC83A5 /* DummyPhotoRepository.swift in Sources */,
				5ED0626F27EBCF6C00FACD0B /* FavoritesViewModel.swift in Sources */,
				5ED0626A27EBCEE900FACD0B /* FavoriteTabRoute.swift in Sources */,
				5ED0626327EBC1FD00FACD0B /* PushTransition.swift in Sources */,
				5ED0627027EBCF8500FACD0B /* FavoritesViewController.swift in Sources */,
				5ED0624027EBAECE00FACD0B /* SearchTabRoute.swift in Sources */,
				5ED0625227EBB92F00FACD0B /* MainTabBarController.swift in Sources */,
				5EBC3F6027EB5E2A003F9CB9 /* SceneDelegate.swift in Sources */,
				5ED0626227EBC1FD00FACD0B /* Routing.swift in Sources */,
				5ED0626027EBC1FD00FACD0B /* ModalTransition.swift in Sources */,
				5ED0626127EBC1FD00FACD0B /* MainRouter.swift in Sources */,
				5EF2AA3427EC92CB00CC83A5 /* PhotoCollectionViewCell.swift in Sources */,
				5ED0625827EBBB7400FACD0B /* Tabs.swift in Sources */,
			);
			runOnlyForDeploymentPostprocessing = 0;
		};
		5EBC3F6C27EB5E2B003F9CB9 /* Sources */ = {
			isa = PBXSourcesBuildPhase;
			buildActionMask = 2147483647;
			files = (
				5ED0627627EBDC1400FACD0B /* ModalTransitionTests.swift in Sources */,
				5ED8389427ECD31800F40809 /* SearchViewControllerTests.swift in Sources */,
				5ED8389727ECD77100F40809 /* SearchViewModelMock.swift in Sources */,
				5ED0624A27EBB33B00FACD0B /* UIResponderHelperTests.swift in Sources */,
				5ED0624E27EBB43D00FACD0B /* TestViewController.swift in Sources */,
				5EBC3F7527EB5E2B003F9CB9 /* HedgehogLabDemoTests.swift in Sources */,
			);
			runOnlyForDeploymentPostprocessing = 0;
		};
		5EBC3F7627EB5E2B003F9CB9 /* Sources */ = {
			isa = PBXSourcesBuildPhase;
			buildActionMask = 2147483647;
			files = (
				5EBC3F8127EB5E2B003F9CB9 /* HedgehogLabDemoUITestsLaunchTests.swift in Sources */,
				5EBC3F7F27EB5E2B003F9CB9 /* HedgehogLabDemoUITests.swift in Sources */,
			);
			runOnlyForDeploymentPostprocessing = 0;
		};
/* End PBXSourcesBuildPhase section */

/* Begin PBXTargetDependency section */
		5EBC3F7227EB5E2B003F9CB9 /* PBXTargetDependency */ = {
			isa = PBXTargetDependency;
			target = 5EBC3F5927EB5E2A003F9CB9 /* HedgehogLabDemo */;
			targetProxy = 5EBC3F7127EB5E2B003F9CB9 /* PBXContainerItemProxy */;
		};
		5EBC3F7C27EB5E2B003F9CB9 /* PBXTargetDependency */ = {
			isa = PBXTargetDependency;
			target = 5EBC3F5927EB5E2A003F9CB9 /* HedgehogLabDemo */;
			targetProxy = 5EBC3F7B27EB5E2B003F9CB9 /* PBXContainerItemProxy */;
		};
/* End PBXTargetDependency section */

/* Begin PBXVariantGroup section */
		5EBC3F6327EB5E2A003F9CB9 /* Main.storyboard */ = {
			isa = PBXVariantGroup;
			children = (
				5EBC3F6427EB5E2A003F9CB9 /* Base */,
			);
			name = Main.storyboard;
			sourceTree = "<group>";
		};
		5EBC3F6827EB5E2B003F9CB9 /* LaunchScreen.storyboard */ = {
			isa = PBXVariantGroup;
			children = (
				5EBC3F6927EB5E2B003F9CB9 /* Base */,
			);
			name = LaunchScreen.storyboard;
			sourceTree = "<group>";
		};
/* End PBXVariantGroup section */

/* Begin XCBuildConfiguration section */
		5EBC3F8227EB5E2B003F9CB9 /* Debug */ = {
			isa = XCBuildConfiguration;
			buildSettings = {
				ALWAYS_SEARCH_USER_PATHS = NO;
				CLANG_ANALYZER_NONNULL = YES;
				CLANG_ANALYZER_NUMBER_OBJECT_CONVERSION = YES_AGGRESSIVE;
				CLANG_CXX_LANGUAGE_STANDARD = "gnu++17";
				CLANG_ENABLE_MODULES = YES;
				CLANG_ENABLE_OBJC_ARC = YES;
				CLANG_ENABLE_OBJC_WEAK = YES;
				CLANG_WARN_BLOCK_CAPTURE_AUTORELEASING = YES;
				CLANG_WARN_BOOL_CONVERSION = YES;
				CLANG_WARN_COMMA = YES;
				CLANG_WARN_CONSTANT_CONVERSION = YES;
				CLANG_WARN_DEPRECATED_OBJC_IMPLEMENTATIONS = YES;
				CLANG_WARN_DIRECT_OBJC_ISA_USAGE = YES_ERROR;
				CLANG_WARN_DOCUMENTATION_COMMENTS = YES;
				CLANG_WARN_EMPTY_BODY = YES;
				CLANG_WARN_ENUM_CONVERSION = YES;
				CLANG_WARN_INFINITE_RECURSION = YES;
				CLANG_WARN_INT_CONVERSION = YES;
				CLANG_WARN_NON_LITERAL_NULL_CONVERSION = YES;
				CLANG_WARN_OBJC_IMPLICIT_RETAIN_SELF = YES;
				CLANG_WARN_OBJC_LITERAL_CONVERSION = YES;
				CLANG_WARN_OBJC_ROOT_CLASS = YES_ERROR;
				CLANG_WARN_QUOTED_INCLUDE_IN_FRAMEWORK_HEADER = YES;
				CLANG_WARN_RANGE_LOOP_ANALYSIS = YES;
				CLANG_WARN_STRICT_PROTOTYPES = YES;
				CLANG_WARN_SUSPICIOUS_MOVE = YES;
				CLANG_WARN_UNGUARDED_AVAILABILITY = YES_AGGRESSIVE;
				CLANG_WARN_UNREACHABLE_CODE = YES;
				CLANG_WARN__DUPLICATE_METHOD_MATCH = YES;
				COPY_PHASE_STRIP = NO;
				DEBUG_INFORMATION_FORMAT = dwarf;
				ENABLE_STRICT_OBJC_MSGSEND = YES;
				ENABLE_TESTABILITY = YES;
				GCC_C_LANGUAGE_STANDARD = gnu11;
				GCC_DYNAMIC_NO_PIC = NO;
				GCC_NO_COMMON_BLOCKS = YES;
				GCC_OPTIMIZATION_LEVEL = 0;
				GCC_PREPROCESSOR_DEFINITIONS = (
					"DEBUG=1",
					"$(inherited)",
				);
				GCC_WARN_64_TO_32_BIT_CONVERSION = YES;
				GCC_WARN_ABOUT_RETURN_TYPE = YES_ERROR;
				GCC_WARN_UNDECLARED_SELECTOR = YES;
				GCC_WARN_UNINITIALIZED_AUTOS = YES_AGGRESSIVE;
				GCC_WARN_UNUSED_FUNCTION = YES;
				GCC_WARN_UNUSED_VARIABLE = YES;
				IPHONEOS_DEPLOYMENT_TARGET = 15.4;
				MTL_ENABLE_DEBUG_INFO = INCLUDE_SOURCE;
				MTL_FAST_MATH = YES;
				ONLY_ACTIVE_ARCH = YES;
				SDKROOT = iphoneos;
				SWIFT_ACTIVE_COMPILATION_CONDITIONS = DEBUG;
				SWIFT_OPTIMIZATION_LEVEL = "-Onone";
			};
			name = Debug;
		};
		5EBC3F8327EB5E2B003F9CB9 /* Release */ = {
			isa = XCBuildConfiguration;
			buildSettings = {
				ALWAYS_SEARCH_USER_PATHS = NO;
				CLANG_ANALYZER_NONNULL = YES;
				CLANG_ANALYZER_NUMBER_OBJECT_CONVERSION = YES_AGGRESSIVE;
				CLANG_CXX_LANGUAGE_STANDARD = "gnu++17";
				CLANG_ENABLE_MODULES = YES;
				CLANG_ENABLE_OBJC_ARC = YES;
				CLANG_ENABLE_OBJC_WEAK = YES;
				CLANG_WARN_BLOCK_CAPTURE_AUTORELEASING = YES;
				CLANG_WARN_BOOL_CONVERSION = YES;
				CLANG_WARN_COMMA = YES;
				CLANG_WARN_CONSTANT_CONVERSION = YES;
				CLANG_WARN_DEPRECATED_OBJC_IMPLEMENTATIONS = YES;
				CLANG_WARN_DIRECT_OBJC_ISA_USAGE = YES_ERROR;
				CLANG_WARN_DOCUMENTATION_COMMENTS = YES;
				CLANG_WARN_EMPTY_BODY = YES;
				CLANG_WARN_ENUM_CONVERSION = YES;
				CLANG_WARN_INFINITE_RECURSION = YES;
				CLANG_WARN_INT_CONVERSION = YES;
				CLANG_WARN_NON_LITERAL_NULL_CONVERSION = YES;
				CLANG_WARN_OBJC_IMPLICIT_RETAIN_SELF = YES;
				CLANG_WARN_OBJC_LITERAL_CONVERSION = YES;
				CLANG_WARN_OBJC_ROOT_CLASS = YES_ERROR;
				CLANG_WARN_QUOTED_INCLUDE_IN_FRAMEWORK_HEADER = YES;
				CLANG_WARN_RANGE_LOOP_ANALYSIS = YES;
				CLANG_WARN_STRICT_PROTOTYPES = YES;
				CLANG_WARN_SUSPICIOUS_MOVE = YES;
				CLANG_WARN_UNGUARDED_AVAILABILITY = YES_AGGRESSIVE;
				CLANG_WARN_UNREACHABLE_CODE = YES;
				CLANG_WARN__DUPLICATE_METHOD_MATCH = YES;
				COPY_PHASE_STRIP = NO;
				DEBUG_INFORMATION_FORMAT = "dwarf-with-dsym";
				ENABLE_NS_ASSERTIONS = NO;
				ENABLE_STRICT_OBJC_MSGSEND = YES;
				GCC_C_LANGUAGE_STANDARD = gnu11;
				GCC_NO_COMMON_BLOCKS = YES;
				GCC_WARN_64_TO_32_BIT_CONVERSION = YES;
				GCC_WARN_ABOUT_RETURN_TYPE = YES_ERROR;
				GCC_WARN_UNDECLARED_SELECTOR = YES;
				GCC_WARN_UNINITIALIZED_AUTOS = YES_AGGRESSIVE;
				GCC_WARN_UNUSED_FUNCTION = YES;
				GCC_WARN_UNUSED_VARIABLE = YES;
				IPHONEOS_DEPLOYMENT_TARGET = 15.4;
				MTL_ENABLE_DEBUG_INFO = NO;
				MTL_FAST_MATH = YES;
				SDKROOT = iphoneos;
				SWIFT_COMPILATION_MODE = wholemodule;
				SWIFT_OPTIMIZATION_LEVEL = "-O";
				VALIDATE_PRODUCT = YES;
			};
			name = Release;
		};
		5EBC3F8527EB5E2B003F9CB9 /* Debug */ = {
			isa = XCBuildConfiguration;
			buildSettings = {
				ASSETCATALOG_COMPILER_APPICON_NAME = AppIcon;
				ASSETCATALOG_COMPILER_GLOBAL_ACCENT_COLOR_NAME = AccentColor;
				CODE_SIGN_STYLE = Automatic;
				CURRENT_PROJECT_VERSION = 1;
				DEVELOPMENT_TEAM = P6NHWRV56U;
				GENERATE_INFOPLIST_FILE = YES;
				INFOPLIST_FILE = "Composition Root/Info.plist";
				INFOPLIST_KEY_UIApplicationSupportsIndirectInputEvents = YES;
				INFOPLIST_KEY_UILaunchStoryboardName = LaunchScreen;
				INFOPLIST_KEY_UISupportedInterfaceOrientations = UIInterfaceOrientationPortrait;
				INFOPLIST_KEY_UISupportedInterfaceOrientations_iPad = UIInterfaceOrientationPortrait;
				INFOPLIST_KEY_UISupportedInterfaceOrientations_iPhone = UIInterfaceOrientationPortrait;
				LD_RUNPATH_SEARCH_PATHS = (
					"$(inherited)",
					"@executable_path/Frameworks",
				);
				LOAD_DUMMY_IMAGES = NO;
				MARKETING_VERSION = 1.0;
				PRODUCT_BUNDLE_IDENTIFIER = com.hedgehoglab.stoyan.HedgehogLabDemo;
				PRODUCT_NAME = "$(TARGET_NAME)";
				SWIFT_EMIT_LOC_STRINGS = YES;
				SWIFT_VERSION = 5.0;
				TARGETED_DEVICE_FAMILY = 1;
			};
			name = Debug;
		};
		5EBC3F8627EB5E2B003F9CB9 /* Release */ = {
			isa = XCBuildConfiguration;
			buildSettings = {
				ASSETCATALOG_COMPILER_APPICON_NAME = AppIcon;
				ASSETCATALOG_COMPILER_GLOBAL_ACCENT_COLOR_NAME = AccentColor;
				CODE_SIGN_STYLE = Automatic;
				CURRENT_PROJECT_VERSION = 1;
				DEVELOPMENT_TEAM = P6NHWRV56U;
				GENERATE_INFOPLIST_FILE = YES;
				INFOPLIST_FILE = "Composition Root/Info.plist";
				INFOPLIST_KEY_UIApplicationSupportsIndirectInputEvents = YES;
				INFOPLIST_KEY_UILaunchStoryboardName = LaunchScreen;
				INFOPLIST_KEY_UISupportedInterfaceOrientations = UIInterfaceOrientationPortrait;
				INFOPLIST_KEY_UISupportedInterfaceOrientations_iPad = UIInterfaceOrientationPortrait;
				INFOPLIST_KEY_UISupportedInterfaceOrientations_iPhone = UIInterfaceOrientationPortrait;
				LD_RUNPATH_SEARCH_PATHS = (
					"$(inherited)",
					"@executable_path/Frameworks",
				);
				LOAD_DUMMY_IMAGES = NO;
				MARKETING_VERSION = 1.0;
				PRODUCT_BUNDLE_IDENTIFIER = com.hedgehoglab.stoyan.HedgehogLabDemo;
				PRODUCT_NAME = "$(TARGET_NAME)";
				SWIFT_EMIT_LOC_STRINGS = YES;
				SWIFT_VERSION = 5.0;
				TARGETED_DEVICE_FAMILY = 1;
			};
			name = Release;
		};
		5EBC3F8827EB5E2B003F9CB9 /* Debug */ = {
			isa = XCBuildConfiguration;
			buildSettings = {
				ALWAYS_EMBED_SWIFT_STANDARD_LIBRARIES = YES;
				BUNDLE_LOADER = "$(TEST_HOST)";
				CODE_SIGN_STYLE = Automatic;
				CURRENT_PROJECT_VERSION = 1;
				DEVELOPMENT_TEAM = P6NHWRV56U;
				GENERATE_INFOPLIST_FILE = YES;
				IPHONEOS_DEPLOYMENT_TARGET = 15.4;
				MARKETING_VERSION = 1.0;
				PRODUCT_BUNDLE_IDENTIFIER = com.hedgehoglab.stoyan.HedgehogLabDemoTests;
				PRODUCT_NAME = "$(TARGET_NAME)";
				SWIFT_EMIT_LOC_STRINGS = NO;
				SWIFT_VERSION = 5.0;
				TARGETED_DEVICE_FAMILY = "1,2";
				TEST_HOST = "$(BUILT_PRODUCTS_DIR)/HedgehogLabDemo.app/HedgehogLabDemo";
			};
			name = Debug;
		};
		5EBC3F8927EB5E2B003F9CB9 /* Release */ = {
			isa = XCBuildConfiguration;
			buildSettings = {
				ALWAYS_EMBED_SWIFT_STANDARD_LIBRARIES = YES;
				BUNDLE_LOADER = "$(TEST_HOST)";
				CODE_SIGN_STYLE = Automatic;
				CURRENT_PROJECT_VERSION = 1;
				DEVELOPMENT_TEAM = P6NHWRV56U;
				GENERATE_INFOPLIST_FILE = YES;
				IPHONEOS_DEPLOYMENT_TARGET = 15.4;
				MARKETING_VERSION = 1.0;
				PRODUCT_BUNDLE_IDENTIFIER = com.hedgehoglab.stoyan.HedgehogLabDemoTests;
				PRODUCT_NAME = "$(TARGET_NAME)";
				SWIFT_EMIT_LOC_STRINGS = NO;
				SWIFT_VERSION = 5.0;
				TARGETED_DEVICE_FAMILY = "1,2";
				TEST_HOST = "$(BUILT_PRODUCTS_DIR)/HedgehogLabDemo.app/HedgehogLabDemo";
			};
			name = Release;
		};
		5EBC3F8B27EB5E2B003F9CB9 /* Debug */ = {
			isa = XCBuildConfiguration;
			buildSettings = {
				ALWAYS_EMBED_SWIFT_STANDARD_LIBRARIES = YES;
				CODE_SIGN_STYLE = Automatic;
				CURRENT_PROJECT_VERSION = 1;
				DEVELOPMENT_TEAM = P6NHWRV56U;
				GENERATE_INFOPLIST_FILE = YES;
				MARKETING_VERSION = 1.0;
				PRODUCT_BUNDLE_IDENTIFIER = com.hedgehoglab.stoyan.HedgehogLabDemoUITests;
				PRODUCT_NAME = "$(TARGET_NAME)";
				SWIFT_EMIT_LOC_STRINGS = NO;
				SWIFT_VERSION = 5.0;
				TARGETED_DEVICE_FAMILY = "1,2";
				TEST_TARGET_NAME = HedgehogLabDemo;
			};
			name = Debug;
		};
		5EBC3F8C27EB5E2B003F9CB9 /* Release */ = {
			isa = XCBuildConfiguration;
			buildSettings = {
				ALWAYS_EMBED_SWIFT_STANDARD_LIBRARIES = YES;
				CODE_SIGN_STYLE = Automatic;
				CURRENT_PROJECT_VERSION = 1;
				DEVELOPMENT_TEAM = P6NHWRV56U;
				GENERATE_INFOPLIST_FILE = YES;
				MARKETING_VERSION = 1.0;
				PRODUCT_BUNDLE_IDENTIFIER = com.hedgehoglab.stoyan.HedgehogLabDemoUITests;
				PRODUCT_NAME = "$(TARGET_NAME)";
				SWIFT_EMIT_LOC_STRINGS = NO;
				SWIFT_VERSION = 5.0;
				TARGETED_DEVICE_FAMILY = "1,2";
				TEST_TARGET_NAME = HedgehogLabDemo;
			};
			name = Release;
		};
		5EF2AA3627EC9BD000CC83A5 /* Dummy */ = {
			isa = XCBuildConfiguration;
			buildSettings = {
				ALWAYS_SEARCH_USER_PATHS = NO;
				CLANG_ANALYZER_NONNULL = YES;
				CLANG_ANALYZER_NUMBER_OBJECT_CONVERSION = YES_AGGRESSIVE;
				CLANG_CXX_LANGUAGE_STANDARD = "gnu++17";
				CLANG_ENABLE_MODULES = YES;
				CLANG_ENABLE_OBJC_ARC = YES;
				CLANG_ENABLE_OBJC_WEAK = YES;
				CLANG_WARN_BLOCK_CAPTURE_AUTORELEASING = YES;
				CLANG_WARN_BOOL_CONVERSION = YES;
				CLANG_WARN_COMMA = YES;
				CLANG_WARN_CONSTANT_CONVERSION = YES;
				CLANG_WARN_DEPRECATED_OBJC_IMPLEMENTATIONS = YES;
				CLANG_WARN_DIRECT_OBJC_ISA_USAGE = YES_ERROR;
				CLANG_WARN_DOCUMENTATION_COMMENTS = YES;
				CLANG_WARN_EMPTY_BODY = YES;
				CLANG_WARN_ENUM_CONVERSION = YES;
				CLANG_WARN_INFINITE_RECURSION = YES;
				CLANG_WARN_INT_CONVERSION = YES;
				CLANG_WARN_NON_LITERAL_NULL_CONVERSION = YES;
				CLANG_WARN_OBJC_IMPLICIT_RETAIN_SELF = YES;
				CLANG_WARN_OBJC_LITERAL_CONVERSION = YES;
				CLANG_WARN_OBJC_ROOT_CLASS = YES_ERROR;
				CLANG_WARN_QUOTED_INCLUDE_IN_FRAMEWORK_HEADER = YES;
				CLANG_WARN_RANGE_LOOP_ANALYSIS = YES;
				CLANG_WARN_STRICT_PROTOTYPES = YES;
				CLANG_WARN_SUSPICIOUS_MOVE = YES;
				CLANG_WARN_UNGUARDED_AVAILABILITY = YES_AGGRESSIVE;
				CLANG_WARN_UNREACHABLE_CODE = YES;
				CLANG_WARN__DUPLICATE_METHOD_MATCH = YES;
				COPY_PHASE_STRIP = NO;
				DEBUG_INFORMATION_FORMAT = dwarf;
				ENABLE_STRICT_OBJC_MSGSEND = YES;
				ENABLE_TESTABILITY = YES;
				GCC_C_LANGUAGE_STANDARD = gnu11;
				GCC_DYNAMIC_NO_PIC = NO;
				GCC_NO_COMMON_BLOCKS = YES;
				GCC_OPTIMIZATION_LEVEL = 0;
				GCC_PREPROCESSOR_DEFINITIONS = (
					"DEBUG=1",
					"$(inherited)",
				);
				GCC_WARN_64_TO_32_BIT_CONVERSION = YES;
				GCC_WARN_ABOUT_RETURN_TYPE = YES_ERROR;
				GCC_WARN_UNDECLARED_SELECTOR = YES;
				GCC_WARN_UNINITIALIZED_AUTOS = YES_AGGRESSIVE;
				GCC_WARN_UNUSED_FUNCTION = YES;
				GCC_WARN_UNUSED_VARIABLE = YES;
				IPHONEOS_DEPLOYMENT_TARGET = 15.4;
				MTL_ENABLE_DEBUG_INFO = INCLUDE_SOURCE;
				MTL_FAST_MATH = YES;
				ONLY_ACTIVE_ARCH = YES;
				SDKROOT = iphoneos;
				SWIFT_ACTIVE_COMPILATION_CONDITIONS = DEBUG;
				SWIFT_OPTIMIZATION_LEVEL = "-Onone";
			};
			name = Dummy;
		};
		5EF2AA3727EC9BD000CC83A5 /* Dummy */ = {
			isa = XCBuildConfiguration;
			buildSettings = {
				ASSETCATALOG_COMPILER_APPICON_NAME = AppIcon;
				ASSETCATALOG_COMPILER_GLOBAL_ACCENT_COLOR_NAME = AccentColor;
				CODE_SIGN_STYLE = Automatic;
				CURRENT_PROJECT_VERSION = 1;
				DEVELOPMENT_TEAM = P6NHWRV56U;
				GENERATE_INFOPLIST_FILE = YES;
				INFOPLIST_FILE = "Composition Root/Info.plist";
				INFOPLIST_KEY_UIApplicationSupportsIndirectInputEvents = YES;
				INFOPLIST_KEY_UILaunchStoryboardName = LaunchScreen;
				INFOPLIST_KEY_UISupportedInterfaceOrientations = UIInterfaceOrientationPortrait;
				INFOPLIST_KEY_UISupportedInterfaceOrientations_iPad = UIInterfaceOrientationPortrait;
				INFOPLIST_KEY_UISupportedInterfaceOrientations_iPhone = UIInterfaceOrientationPortrait;
				LD_RUNPATH_SEARCH_PATHS = (
					"$(inherited)",
					"@executable_path/Frameworks",
				);
				LOAD_DUMMY_IMAGES = YES;
				MARKETING_VERSION = 1.0;
				PRODUCT_BUNDLE_IDENTIFIER = com.hedgehoglab.stoyan.HedgehogLabDemo;
				PRODUCT_NAME = "$(TARGET_NAME)";
				SWIFT_EMIT_LOC_STRINGS = YES;
				SWIFT_VERSION = 5.0;
				TARGETED_DEVICE_FAMILY = 1;
			};
			name = Dummy;
		};
		5EF2AA3827EC9BD000CC83A5 /* Dummy */ = {
			isa = XCBuildConfiguration;
			buildSettings = {
				ALWAYS_EMBED_SWIFT_STANDARD_LIBRARIES = YES;
				BUNDLE_LOADER = "$(TEST_HOST)";
				CODE_SIGN_STYLE = Automatic;
				CURRENT_PROJECT_VERSION = 1;
				DEVELOPMENT_TEAM = P6NHWRV56U;
				GENERATE_INFOPLIST_FILE = YES;
				IPHONEOS_DEPLOYMENT_TARGET = 15.4;
				MARKETING_VERSION = 1.0;
				PRODUCT_BUNDLE_IDENTIFIER = com.hedgehoglab.stoyan.HedgehogLabDemoTests;
				PRODUCT_NAME = "$(TARGET_NAME)";
				SWIFT_EMIT_LOC_STRINGS = NO;
				SWIFT_VERSION = 5.0;
				TARGETED_DEVICE_FAMILY = "1,2";
				TEST_HOST = "$(BUILT_PRODUCTS_DIR)/HedgehogLabDemo.app/HedgehogLabDemo";
			};
			name = Dummy;
		};
		5EF2AA3927EC9BD000CC83A5 /* Dummy */ = {
			isa = XCBuildConfiguration;
			buildSettings = {
				ALWAYS_EMBED_SWIFT_STANDARD_LIBRARIES = YES;
				CODE_SIGN_STYLE = Automatic;
				CURRENT_PROJECT_VERSION = 1;
				DEVELOPMENT_TEAM = P6NHWRV56U;
				GENERATE_INFOPLIST_FILE = YES;
				MARKETING_VERSION = 1.0;
				PRODUCT_BUNDLE_IDENTIFIER = com.hedgehoglab.stoyan.HedgehogLabDemoUITests;
				PRODUCT_NAME = "$(TARGET_NAME)";
				SWIFT_EMIT_LOC_STRINGS = NO;
				SWIFT_VERSION = 5.0;
				TARGETED_DEVICE_FAMILY = "1,2";
				TEST_TARGET_NAME = HedgehogLabDemo;
			};
			name = Dummy;
		};
/* End XCBuildConfiguration section */

/* Begin XCConfigurationList section */
		5EBC3F5527EB5E2A003F9CB9 /* Build configuration list for PBXProject "HedgehogLabDemo" */ = {
			isa = XCConfigurationList;
			buildConfigurations = (
				5EBC3F8227EB5E2B003F9CB9 /* Debug */,
				5EF2AA3627EC9BD000CC83A5 /* Dummy */,
				5EBC3F8327EB5E2B003F9CB9 /* Release */,
			);
			defaultConfigurationIsVisible = 0;
			defaultConfigurationName = Release;
		};
		5EBC3F8427EB5E2B003F9CB9 /* Build configuration list for PBXNativeTarget "HedgehogLabDemo" */ = {
			isa = XCConfigurationList;
			buildConfigurations = (
				5EBC3F8527EB5E2B003F9CB9 /* Debug */,
				5EF2AA3727EC9BD000CC83A5 /* Dummy */,
				5EBC3F8627EB5E2B003F9CB9 /* Release */,
			);
			defaultConfigurationIsVisible = 0;
			defaultConfigurationName = Release;
		};
		5EBC3F8727EB5E2B003F9CB9 /* Build configuration list for PBXNativeTarget "HedgehogLabDemoTests" */ = {
			isa = XCConfigurationList;
			buildConfigurations = (
				5EBC3F8827EB5E2B003F9CB9 /* Debug */,
				5EF2AA3827EC9BD000CC83A5 /* Dummy */,
				5EBC3F8927EB5E2B003F9CB9 /* Release */,
			);
			defaultConfigurationIsVisible = 0;
			defaultConfigurationName = Release;
		};
		5EBC3F8A27EB5E2B003F9CB9 /* Build configuration list for PBXNativeTarget "HedgehogLabDemoUITests" */ = {
			isa = XCConfigurationList;
			buildConfigurations = (
				5EBC3F8B27EB5E2B003F9CB9 /* Debug */,
				5EF2AA3927EC9BD000CC83A5 /* Dummy */,
				5EBC3F8C27EB5E2B003F9CB9 /* Release */,
			);
			defaultConfigurationIsVisible = 0;
			defaultConfigurationName = Release;
		};
/* End XCConfigurationList section */

/* Begin XCRemoteSwiftPackageReference section */
		5ED8389B27ECDDF500F40809 /* XCRemoteSwiftPackageReference "combine-schedulers" */ = {
			isa = XCRemoteSwiftPackageReference;
			repositoryURL = "https://github.com/pointfreeco/combine-schedulers";
			requirement = {
				branch = main;
				kind = branch;
			};
		};
/* End XCRemoteSwiftPackageReference section */

/* Begin XCSwiftPackageProductDependency section */
		5ED8389C27ECDDF500F40809 /* CombineSchedulers */ = {
			isa = XCSwiftPackageProductDependency;
			package = 5ED8389B27ECDDF500F40809 /* XCRemoteSwiftPackageReference "combine-schedulers" */;
			productName = CombineSchedulers;
		};
/* End XCSwiftPackageProductDependency section */
	};
	rootObject = 5EBC3F5227EB5E2A003F9CB9 /* Project object */;
}
